
Microsoft Visual Studio Solution File, Format Version 12.00
# Visual Studio Version 17
VisualStudioVersion = 17.4.33122.133
MinimumVisualStudioVersion = 10.0.40219.1
Project("{9A19103F-16F7-4668-BE54-9A1E7A4F7556}") = "VatCalculator.Api", "src\VatCalculator.Api\VatCalculator.Api.csproj", "{F276D1E7-5E6E-49AA-B883-CE3CD6B04424}"
EndProject
Project("{2150E333-8FDC-42A3-9474-1A3956D46DE8}") = "src", "src", "{0BB4E30F-5B6F-4342-B0D6-27C4C9384B5E}"
EndProject
Project("{2150E333-8FDC-42A3-9474-1A3956D46DE8}") = "tests", "tests", "{40C2B945-E47D-4945-8027-96E597DC55BE}"
EndProject
Project("{9A19103F-16F7-4668-BE54-9A1E7A4F7556}") = "VatCalculator.Application", "src\VatCalculator.Application\VatCalculator.Application.csproj", "{5CFAED37-2D7F-4314-943A-9F89A5958F86}"
EndProject
Project("{9A19103F-16F7-4668-BE54-9A1E7A4F7556}") = "VatCalculator.Contracts", "src\VatCalculator.Contracts\VatCalculator.Contracts.csproj", "{880D5AF1-C5C5-4BCC-A180-C94F6FFB263E}"
EndProject
Project("{9A19103F-16F7-4668-BE54-9A1E7A4F7556}") = "VatCalculator.UnitTests", "tests\VatCalculator.UnitTests\VatCalculator.UnitTests.csproj", "{224DD46C-346E-4075-B002-8B912FF86D8A}"
EndProject
Global
	GlobalSection(SolutionConfigurationPlatforms) = preSolution
		Debug|Any CPU = Debug|Any CPU
		Release|Any CPU = Release|Any CPU
	EndGlobalSection
	GlobalSection(ProjectConfigurationPlatforms) = postSolution
		{F276D1E7-5E6E-49AA-B883-CE3CD6B04424}.Debug|Any CPU.ActiveCfg = Debug|Any CPU
		{F276D1E7-5E6E-49AA-B883-CE3CD6B04424}.Debug|Any CPU.Build.0 = Debug|Any CPU
		{F276D1E7-5E6E-49AA-B883-CE3CD6B04424}.Release|Any CPU.ActiveCfg = Release|Any CPU
		{F276D1E7-5E6E-49AA-B883-CE3CD6B04424}.Release|Any CPU.Build.0 = Release|Any CPU
		{5CFAED37-2D7F-4314-943A-9F89A5958F86}.Debug|Any CPU.ActiveCfg = Debug|Any CPU
		{5CFAED37-2D7F-4314-943A-9F89A5958F86}.Debug|Any CPU.Build.0 = Debug|Any CPU
		{5CFAED37-2D7F-4314-943A-9F89A5958F86}.Release|Any CPU.ActiveCfg = Release|Any CPU
		{5CFAED37-2D7F-4314-943A-9F89A5958F86}.Release|Any CPU.Build.0 = Release|Any CPU
		{880D5AF1-C5C5-4BCC-A180-C94F6FFB263E}.Debug|Any CPU.ActiveCfg = Debug|Any CPU
		{880D5AF1-C5C5-4BCC-A180-C94F6FFB263E}.Debug|Any CPU.Build.0 = Debug|Any CPU
		{880D5AF1-C5C5-4BCC-A180-C94F6FFB263E}.Release|Any CPU.ActiveCfg = Release|Any CPU
		{880D5AF1-C5C5-4BCC-A180-C94F6FFB263E}.Release|Any CPU.Build.0 = Release|Any CPU
		{224DD46C-346E-4075-B002-8B912FF86D8A}.Debug|Any CPU.ActiveCfg = Debug|Any CPU
		{224DD46C-346E-4075-B002-8B912FF86D8A}.Debug|Any CPU.Build.0 = Debug|Any CPU
		{224DD46C-346E-4075-B002-8B912FF86D8A}.Release|Any CPU.ActiveCfg = Release|Any CPU
		{224DD46C-346E-4075-B002-8B912FF86D8A}.Release|Any CPU.Build.0 = Release|Any CPU
	EndGlobalSection
	GlobalSection(SolutionProperties) = preSolution
		HideSolutionNode = FALSE
	EndGlobalSection
	GlobalSection(NestedProjects) = preSolution
		{F276D1E7-5E6E-49AA-B883-CE3CD6B04424} = {0BB4E30F-5B6F-4342-B0D6-27C4C9384B5E}
		{5CFAED37-2D7F-4314-943A-9F89A5958F86} = {0BB4E30F-5B6F-4342-B0D6-27C4C9384B5E}
		{880D5AF1-C5C5-4BCC-A180-C94F6FFB263E} = {0BB4E30F-5B6F-4342-B0D6-27C4C9384B5E}
		{224DD46C-346E-4075-B002-8B912FF86D8A} = {40C2B945-E47D-4945-8027-96E597DC55BE}
	EndGlobalSection
	GlobalSection(ExtensibilityGlobals) = postSolution
		SolutionGuid = {B72F6EFF-5826-496D-B7A9-7FA4207DFC93}
	EndGlobalSection
EndGlobal
